
Microsoft Visual Studio Solution File, Format Version 12.00
# Visual Studio Version 16
VisualStudioVersion = 16.0.31205.134
MinimumVisualStudioVersion = 10.0.40219.1
Project("{FAE04EC0-301F-11D3-BF4B-00C04F79EFBC}") = "ArchiveFileListToSQLite", "ArchiveFileListToSQLite\ArchiveFileListToSQLite.csproj", "{B2F44DDE-0E04-4409-9131-661C80CE143B}"
EndProject
Global
	GlobalSection(SolutionConfigurationPlatforms) = preSolution
		Debug|Any CPU = Debug|Any CPU
		Release|Any CPU = Release|Any CPU
	EndGlobalSection
	GlobalSection(ProjectConfigurationPlatforms) = postSolution
		{B2F44DDE-0E04-4409-9131-661C80CE143B}.Debug|Any CPU.ActiveCfg = Debug|Any CPU
		{B2F44DDE-0E04-4409-9131-661C80CE143B}.Debug|Any CPU.Build.0 = Debug|Any CPU
		{B2F44DDE-0E04-4409-9131-661C80CE143B}.Release|Any CPU.ActiveCfg = Release|Any CPU
		{B2F44DDE-0E04-4409-9131-661C80CE143B}.Release|Any CPU.Build.0 = Release|Any CPU
	EndGlobalSection
	GlobalSection(SolutionProperties) = preSolution
		HideSolutionNode = FALSE
	EndGlobalSection
	GlobalSection(ExtensibilityGlobals) = postSolution
		SolutionGuid = {52E5F775-7380-4EEC-9D17-F9C0C65B2A2F}
	EndGlobalSection
EndGlobal
